// !$*UTF8*$!
{
	archiveVersion = 1;
	classes = {};
	objectVersion = 56;
	objects = {

/* Begin PBXBuildFile section */
		100000000000000000000001 /* ReturnQueueApp.swift in Sources */ = {isa = PBXBuildFile; fileRef = 200000000000000000000001 /* ReturnQueueApp.swift */; };
		100000000000000000000002 /* RootView.swift in Sources */ = {isa = PBXBuildFile; fileRef = 200000000000000000000002 /* RootView.swift */; };
		100000000000000000000003 /* ReturnQueueCore in Frameworks */ = {isa = PBXBuildFile; productRef = 900000000000000000000001 /* ReturnQueueCore */; };
		100000000000000000000004 /* ReturnQueueStorage in Frameworks */ = {isa = PBXBuildFile; productRef = 900000000000000000000003 /* ReturnQueueStorage */; };
		100000000000000000000010 /* ReturnEditorView.swift in Sources */ = {isa = PBXBuildFile; fileRef = 200000000000000000000010 /* ReturnEditorView.swift */; };
		100000000000000000000011 /* ReturnDetailView.swift in Sources */ = {isa = PBXBuildFile; fileRef = 200000000000000000000011 /* ReturnDetailView.swift */; };
		100000000000000000000012 /* RecoveryShareView.swift in Sources */ = {isa = PBXBuildFile; fileRef = 200000000000000000000012 /* RecoveryShareView.swift */; };
		100000000000000000000013 /* DesignTokens.swift in Sources */ = {isa = PBXBuildFile; fileRef = 200000000000000000000013 /* DesignTokens.swift */; };
		100000000000000000000014 /* Assets.xcassets in Resources */ = {isa = PBXBuildFile; fileRef = 200000000000000000000014 /* Assets.xcassets */; };
		100000000000000000000015 /* ReturnQueuePresentation in Frameworks */ = {isa = PBXBuildFile; productRef = 900000000000000000000004 /* ReturnQueuePresentation */; };
		100000000000000000000016 /* ReturnQueueUITests.swift in Sources */ = {isa = PBXBuildFile; fileRef = 200000000000000000000016 /* ReturnQueueUITests.swift */; };
/* End PBXBuildFile section */

/* Begin PBXFileReference section */
		200000000000000000000001 /* ReturnQueueApp.swift */ = {isa = PBXFileReference; lastKnownFileType = sourcecode.swift; path = ReturnQueueApp.swift; sourceTree = "<group>"; };
		200000000000000000000002 /* RootView.swift */ = {isa = PBXFileReference; lastKnownFileType = sourcecode.swift; path = RootView.swift; sourceTree = "<group>"; };
		200000000000000000000003 /* ReturnQueue.app */ = {isa = PBXFileReference; explicitFileType = wrapper.application; includeInIndex = 0; path = ReturnQueue.app; sourceTree = BUILT_PRODUCTS_DIR; };
		200000000000000000000010 /* ReturnEditorView.swift */ = {isa = PBXFileReference; lastKnownFileType = sourcecode.swift; path = ReturnEditorView.swift; sourceTree = "<group>"; };
		200000000000000000000011 /* ReturnDetailView.swift */ = {isa = PBXFileReference; lastKnownFileType = sourcecode.swift; path = ReturnDetailView.swift; sourceTree = "<group>"; };
		200000000000000000000012 /* RecoveryShareView.swift */ = {isa = PBXFileReference; lastKnownFileType = sourcecode.swift; path = RecoveryShareView.swift; sourceTree = "<group>"; };
		200000000000000000000013 /* DesignTokens.swift */ = {isa = PBXFileReference; lastKnownFileType = sourcecode.swift; path = DesignTokens.swift; sourceTree = "<group>"; };
		200000000000000000000014 /* Assets.xcassets */ = {isa = PBXFileReference; lastKnownFileType = folder.assetcatalog; path = Resources/Assets.xcassets; sourceTree = "<group>"; };
		200000000000000000000015 /* ReturnQueueUITests.xctest */ = {isa = PBXFileReference; explicitFileType = wrapper.cfbundle; includeInIndex = 0; path = ReturnQueueUITests.xctest; sourceTree = BUILT_PRODUCTS_DIR; };
		200000000000000000000016 /* ReturnQueueUITests.swift */ = {isa = PBXFileReference; lastKnownFileType = sourcecode.swift; path = ReturnQueueUITests.swift; sourceTree = "<group>"; };
/* End PBXFileReference section */

/* Begin PBXFrameworksBuildPhase section */
		300000000000000000000001 /* Frameworks */ = {
			isa = PBXFrameworksBuildPhase;
			buildActionMask = 2147483647;
			files = (100000000000000000000003 /* ReturnQueueCore in Frameworks */, 100000000000000000000004 /* ReturnQueueStorage in Frameworks */, 100000000000000000000015 /* ReturnQueuePresentation in Frameworks */,);
			runOnlyForDeploymentPostprocessing = 0;
		};
		300000000000000000000005 /* UITest Frameworks */ = {isa = PBXFrameworksBuildPhase; buildActionMask = 2147483647; files = (); runOnlyForDeploymentPostprocessing = 0; };
/* End PBXFrameworksBuildPhase section */

/* Begin PBXGroup section */
		400000000000000000000001 = {
			isa = PBXGroup;
			children = (400000000000000000000002 /* ReturnQueue */, 400000000000000000000004 /* Products */, 400000000000000000000005 /* ReturnQueueUITests */,);
			sourceTree = "<group>";
		};
		400000000000000000000002 /* ReturnQueue */ = {
			isa = PBXGroup;
			children = (200000000000000000000001 /* ReturnQueueApp.swift */, 400000000000000000000003 /* UI */, 200000000000000000000014 /* Assets.xcassets */,);
			path = ReturnQueue;
			sourceTree = "<group>";
		};
		400000000000000000000003 /* UI */ = {
			isa = PBXGroup;
			children = (200000000000000000000002 /* RootView.swift */, 200000000000000000000010 /* ReturnEditorView.swift */, 200000000000000000000011 /* ReturnDetailView.swift */, 200000000000000000000012 /* RecoveryShareView.swift */, 200000000000000000000013 /* DesignTokens.swift */,);
			path = UI;
			sourceTree = "<group>";
		};
		400000000000000000000004 /* Products */ = {
			isa = PBXGroup;
			children = (200000000000000000000003 /* ReturnQueue.app */, 200000000000000000000015 /* ReturnQueueUITests.xctest */,);
			name = Products;
			sourceTree = "<group>";
		};
		400000000000000000000005 /* ReturnQueueUITests */ = {isa = PBXGroup; children = (200000000000000000000016 /* ReturnQueueUITests.swift */,); path = ReturnQueueUITests; sourceTree = "<group>"; };
/* End PBXGroup section */

/* Begin PBXNativeTarget section */
		500000000000000000000001 /* ReturnQueue */ = {
			isa = PBXNativeTarget;
			buildConfigurationList = 700000000000000000000002 /* Build configuration list for PBXNativeTarget ReturnQueue */;
			buildPhases = (300000000000000000000002 /* Sources */, 300000000000000000000001 /* Frameworks */, 300000000000000000000003 /* Resources */,);
			buildRules = ();
			dependencies = ();
			name = ReturnQueue;
			packageProductDependencies = (900000000000000000000001 /* ReturnQueueCore */, 900000000000000000000003 /* ReturnQueueStorage */, 900000000000000000000004 /* ReturnQueuePresentation */,);
			productName = ReturnQueue;
			productReference = 200000000000000000000003 /* ReturnQueue.app */;
			productType = "com.apple.product-type.application";
		};
		500000000000000000000002 /* ReturnQueueUITests */ = {
			isa = PBXNativeTarget;
			buildConfigurationList = 700000000000000000000003;
			buildPhases = (300000000000000000000004, 300000000000000000000005, 300000000000000000000006,);
			buildRules = ();
			dependencies = (B00000000000000000000001,);
			name = ReturnQueueUITests;
			productName = ReturnQueueUITests;
			productReference = 200000000000000000000015;
			productType = "com.apple.product-type.bundle.ui-testing";
		};
/* End PBXNativeTarget section */

/* Begin PBXContainerItemProxy section */
		A00000000000000000000001 = {isa = PBXContainerItemProxy; containerPortal = 600000000000000000000001; proxyType = 1; remoteGlobalIDString = 500000000000000000000001; remoteInfo = ReturnQueue; };
/* End PBXContainerItemProxy section */
/* Begin PBXTargetDependency section */
		B00000000000000000000001 = {isa = PBXTargetDependency; target = 500000000000000000000001; targetProxy = A00000000000000000000001; };
/* End PBXTargetDependency section */
/* Begin PBXProject section */
		600000000000000000000001 /* Project object */ = {
			isa = PBXProject;
			attributes = {
				BuildIndependentTargetsInParallel = YES;
				LastSwiftUpdateCheck = 2630;
				LastUpgradeCheck = 2630;
				TargetAttributes = {500000000000000000000001 = {CreatedOnToolsVersion = 26.3; }; 500000000000000000000002 = {CreatedOnToolsVersion = 26.3; TestTargetID = 500000000000000000000001; }; };
			};
			buildConfigurationList = 700000000000000000000001 /* Build configuration list for PBXProject ReturnQueue */;
			compatibilityVersion = "Xcode 14.0";
			developmentRegion = en;
			hasScannedForEncodings = 0;
			knownRegions = (en, Base,);
			mainGroup = 400000000000000000000001;
			packageReferences = (900000000000000000000002 /* XCLocalSwiftPackageReference . */,);
			productRefGroup = 400000000000000000000004 /* Products */;
			projectDirPath = "";
			projectRoot = "";
			targets = (500000000000000000000001 /* ReturnQueue */, 500000000000000000000002 /* ReturnQueueUITests */,);
		};
/* End PBXProject section */

/* Begin PBXResourcesBuildPhase section */
		300000000000000000000003 /* Resources */ = {
			isa = PBXResourcesBuildPhase;
			buildActionMask = 2147483647;
			files = (100000000000000000000014 /* Assets.xcassets in Resources */,);
			runOnlyForDeploymentPostprocessing = 0;
		};
		300000000000000000000006 /* UITest Resources */ = {isa = PBXResourcesBuildPhase; buildActionMask = 2147483647; files = (); runOnlyForDeploymentPostprocessing = 0; };
/* End PBXResourcesBuildPhase section */

/* Begin PBXSourcesBuildPhase section */
		300000000000000000000002 /* Sources */ = {
			isa = PBXSourcesBuildPhase;
			buildActionMask = 2147483647;
			files = (100000000000000000000001 /* ReturnQueueApp.swift in Sources */, 100000000000000000000002 /* RootView.swift in Sources */, 100000000000000000000010 /* ReturnEditorView.swift in Sources */, 100000000000000000000011 /* ReturnDetailView.swift in Sources */, 100000000000000000000012 /* RecoveryShareView.swift in Sources */, 100000000000000000000013 /* DesignTokens.swift in Sources */,);
			runOnlyForDeploymentPostprocessing = 0;
		};
		300000000000000000000004 /* UITest Sources */ = {isa = PBXSourcesBuildPhase; buildActionMask = 2147483647; files = (100000000000000000000016,); runOnlyForDeploymentPostprocessing = 0; };
/* End PBXSourcesBuildPhase section */

/* Begin XCBuildConfiguration section */
		800000000000000000000001 /* Debug */ = {
			isa = XCBuildConfiguration;
			buildSettings = {
				CLANG_ENABLE_MODULES = YES;
				CLANG_ENABLE_OBJC_ARC = YES;
				DEBUG_INFORMATION_FORMAT = dwarf;
				ENABLE_TESTABILITY = YES;
				GCC_C_LANGUAGE_STANDARD = gnu17;
				GCC_PREPROCESSOR_DEFINITIONS = ("DEBUG=1", "$(inherited)",);
				IPHONEOS_DEPLOYMENT_TARGET = 17.0;
				ONLY_ACTIVE_ARCH = YES;
				SDKROOT = iphoneos;
				SWIFT_ACTIVE_COMPILATION_CONDITIONS = "DEBUG $(inherited)";
				SWIFT_OPTIMIZATION_LEVEL = "-Onone";
			};
			name = Debug;
		};
		800000000000000000000002 /* Release */ = {
			isa = XCBuildConfiguration;
			buildSettings = {
				CLANG_ENABLE_MODULES = YES;
				CLANG_ENABLE_OBJC_ARC = YES;
				DEBUG_INFORMATION_FORMAT = "dwarf-with-dsym";
				GCC_C_LANGUAGE_STANDARD = gnu17;
				IPHONEOS_DEPLOYMENT_TARGET = 17.0;
				SDKROOT = iphoneos;
				SWIFT_COMPILATION_MODE = wholemodule;
				SWIFT_OPTIMIZATION_LEVEL = "-O";
				VALIDATE_PRODUCT = YES;
			};
			name = Release;
		};
		800000000000000000000003 /* Debug */ = {
			isa = XCBuildConfiguration;
			buildSettings = {
				ASSETCATALOG_COMPILER_GLOBAL_ACCENT_COLOR_NAME = AccentColor;
				CODE_SIGN_STYLE = Automatic;
				CURRENT_PROJECT_VERSION = 1;
				GENERATE_INFOPLIST_FILE = YES;
				INFOPLIST_KEY_CFBundleDisplayName = "Return Queue";
				INFOPLIST_KEY_LSApplicationCategoryType = "public.app-category.productivity";
				INFOPLIST_KEY_UILaunchScreen_Generation = YES;
				INFOPLIST_KEY_UIApplicationSceneManifest_Generation = YES;
				INFOPLIST_KEY_UISupportedInterfaceOrientations = UIInterfaceOrientationPortrait;
				LD_RUNPATH_SEARCH_PATHS = ("$(inherited)", "@executable_path/Frameworks",);
				MARKETING_VERSION = 0.1.0;
				PRODUCT_BUNDLE_IDENTIFIER = com.azamat163.returnqueue;
				PRODUCT_NAME = "$(TARGET_NAME)";
				SUPPORTED_PLATFORMS = "iphoneos iphonesimulator";
				SUPPORTS_MACCATALYST = NO;
				SUPPORTS_MAC_DESIGNED_FOR_IPHONE_IPAD = NO;
				SWIFT_EMIT_LOC_STRINGS = YES;
				SWIFT_STRICT_CONCURRENCY = complete;
				SWIFT_VERSION = 6.0;
				TARGETED_DEVICE_FAMILY = 1;
			};
			name = Debug;
		};
		800000000000000000000004 /* Release */ = {
			isa = XCBuildConfiguration;
			buildSettings = {
				ASSETCATALOG_COMPILER_GLOBAL_ACCENT_COLOR_NAME = AccentColor;
				CODE_SIGN_STYLE = Automatic;
				CURRENT_PROJECT_VERSION = 1;
				GENERATE_INFOPLIST_FILE = YES;
				INFOPLIST_KEY_CFBundleDisplayName = "Return Queue";
				INFOPLIST_KEY_LSApplicationCategoryType = "public.app-category.productivity";
				INFOPLIST_KEY_UILaunchScreen_Generation = YES;
				INFOPLIST_KEY_UIApplicationSceneManifest_Generation = YES;
				INFOPLIST_KEY_UISupportedInterfaceOrientations = UIInterfaceOrientationPortrait;
				LD_RUNPATH_SEARCH_PATHS = ("$(inherited)", "@executable_path/Frameworks",);
				MARKETING_VERSION = 0.1.0;
				PRODUCT_BUNDLE_IDENTIFIER = com.azamat163.returnqueue;
				PRODUCT_NAME = "$(TARGET_NAME)";
				SUPPORTED_PLATFORMS = "iphoneos iphonesimulator";
				SUPPORTS_MACCATALYST = NO;
				SUPPORTS_MAC_DESIGNED_FOR_IPHONE_IPAD = NO;
				SWIFT_EMIT_LOC_STRINGS = YES;
				SWIFT_STRICT_CONCURRENCY = complete;
				SWIFT_VERSION = 6.0;
				TARGETED_DEVICE_FAMILY = 1;
			};
			name = Release;
		};
		800000000000000000000005 /* Debug */ = {
			isa = XCBuildConfiguration;
			buildSettings = {
				CODE_SIGN_STYLE = Automatic;
				GENERATE_INFOPLIST_FILE = YES;
				PRODUCT_BUNDLE_IDENTIFIER = com.azamat163.returnqueue.uitests;
				PRODUCT_NAME = "$(TARGET_NAME)";
				SWIFT_VERSION = 6.0;
				SWIFT_STRICT_CONCURRENCY = complete;
				TARGETED_DEVICE_FAMILY = 1;
				TEST_TARGET_NAME = ReturnQueue;
			};
			name = Debug;
		};
		800000000000000000000006 /* Release */ = {
			isa = XCBuildConfiguration;
			buildSettings = {
				CODE_SIGN_STYLE = Automatic;
				GENERATE_INFOPLIST_FILE = YES;
				PRODUCT_BUNDLE_IDENTIFIER = com.azamat163.returnqueue.uitests;
				PRODUCT_NAME = "$(TARGET_NAME)";
				SWIFT_VERSION = 6.0;
				SWIFT_STRICT_CONCURRENCY = complete;
				TARGETED_DEVICE_FAMILY = 1;
				TEST_TARGET_NAME = ReturnQueue;
			};
			name = Release;
		};
/* End XCBuildConfiguration section */

/* Begin XCConfigurationList section */
		700000000000000000000001 /* Build configuration list for PBXProject ReturnQueue */ = {
			isa = XCConfigurationList;
			buildConfigurations = (800000000000000000000001 /* Debug */, 800000000000000000000002 /* Release */,);
			defaultConfigurationIsVisible = 0;
			defaultConfigurationName = Release;
		};
		700000000000000000000002 /* Build configuration list for PBXNativeTarget ReturnQueue */ = {
			isa = XCConfigurationList;
			buildConfigurations = (800000000000000000000003 /* Debug */, 800000000000000000000004 /* Release */,);
			defaultConfigurationIsVisible = 0;
			defaultConfigurationName = Release;
		};
		700000000000000000000003 /* UI tests configurations */ = {isa = XCConfigurationList; buildConfigurations = (800000000000000000000005, 800000000000000000000006,); defaultConfigurationIsVisible = 0; defaultConfigurationName = Release; };
/* End XCConfigurationList section */

/* Begin XCLocalSwiftPackageReference section */
		900000000000000000000002 /* XCLocalSwiftPackageReference . */ = {
			isa = XCLocalSwiftPackageReference;
			relativePath = .;
		};
/* End XCLocalSwiftPackageReference section */

/* Begin XCSwiftPackageProductDependency section */
		900000000000000000000001 /* ReturnQueueCore */ = {
			isa = XCSwiftPackageProductDependency;
			package = 900000000000000000000002 /* XCLocalSwiftPackageReference . */;
			productName = ReturnQueueCore;
		};
		900000000000000000000003 /* ReturnQueueStorage */ = {
			isa = XCSwiftPackageProductDependency;
			package = 900000000000000000000002 /* XCLocalSwiftPackageReference . */;
			productName = ReturnQueueStorage;
		};
		900000000000000000000004 /* ReturnQueuePresentation */ = {isa = XCSwiftPackageProductDependency; package = 900000000000000000000002 /* XCLocalSwiftPackageReference . */; productName = ReturnQueuePresentation; };
/* End XCSwiftPackageProductDependency section */
	};
	rootObject = 600000000000000000000001 /* Project object */;
}
